
Microsoft Visual Studio Solution File, Format Version 12.00
# Visual Studio Version 17
VisualStudioVersion = 17.2.32519.379
MinimumVisualStudioVersion = 10.0.40219.1
Project("{FAE04EC0-301F-11D3-BF4B-00C04F79EFBC}") = "Vidly", "Vidly\Vidly.csproj", "{75413BFE-04B0-428A-ADAA-3D70C568D2CB}"
EndProject
Global
	GlobalSection(SolutionConfigurationPlatforms) = preSolution
		Debug|Any CPU = Debug|Any CPU
		Release|Any CPU = Release|Any CPU
	EndGlobalSection
	GlobalSection(ProjectConfigurationPlatforms) = postSolution
		{75413BFE-04B0-428A-ADAA-3D70C568D2CB}.Debug|Any CPU.ActiveCfg = Debug|Any CPU
		{75413BFE-04B0-428A-ADAA-3D70C568D2CB}.Debug|Any CPU.Build.0 = Debug|Any CPU
		{75413BFE-04B0-428A-ADAA-3D70C568D2CB}.Release|Any CPU.ActiveCfg = Release|Any CPU
		{75413BFE-04B0-428A-ADAA-3D70C568D2CB}.Release|Any CPU.Build.0 = Release|Any CPU
	EndGlobalSection
	GlobalSection(SolutionProperties) = preSolution
		HideSolutionNode = FALSE
	EndGlobalSection
	GlobalSection(ExtensibilityGlobals) = postSolution
		SolutionGuid = {BFD4E22F-E65A-413B-9CF9-A89E4BB092BE}
	EndGlobalSection
EndGlobal
